
Microsoft Visual Studio Solution File, Format Version 12.00
Project("{FAE04EC0-301F-11D3-BF4B-00C04F79EFBC}") = "WhiteBeltKata1", "WhiteBeltKata1\WhiteBeltKata1.csproj", "{C2A7A7D5-0E4D-4522-A011-18B1D1FE5C0D}"
EndProject
Project("{FAE04EC0-301F-11D3-BF4B-00C04F79EFBC}") = "2Mini-Kata-1", "2Mini-Kata-1\2Mini-Kata-1.csproj", "{19110EEF-4E9B-4728-A7C4-1EEBEEEE132D}"
EndProject
Project("{FAE04EC0-301F-11D3-BF4B-00C04F79EFBC}") = "Mini-Kata 2", "Mini-Kata 2\Mini-Kata 2.csproj", "{CB02CA5F-4B3B-42D1-B85D-B0B7F62B59A9}"
EndProject
Project("{FAE04EC0-301F-11D3-BF4B-00C04F79EFBC}") = "Mini-Kata 3", "Mini-Kata 3\Mini-Kata 3.csproj", "{CF0B57E9-42A4-4048-89C1-781825C21015}"
EndProject
Global
	GlobalSection(SolutionConfigurationPlatforms) = preSolution
		Debug|Any CPU = Debug|Any CPU
		Release|Any CPU = Release|Any CPU
	EndGlobalSection
	GlobalSection(ProjectConfigurationPlatforms) = postSolution
		{C2A7A7D5-0E4D-4522-A011-18B1D1FE5C0D}.Debug|Any CPU.ActiveCfg = Debug|Any CPU
		{C2A7A7D5-0E4D-4522-A011-18B1D1FE5C0D}.Debug|Any CPU.Build.0 = Debug|Any CPU
		{C2A7A7D5-0E4D-4522-A011-18B1D1FE5C0D}.Release|Any CPU.ActiveCfg = Release|Any CPU
		{C2A7A7D5-0E4D-4522-A011-18B1D1FE5C0D}.Release|Any CPU.Build.0 = Release|Any CPU
		{19110EEF-4E9B-4728-A7C4-1EEBEEEE132D}.Debug|Any CPU.ActiveCfg = Debug|Any CPU
		{19110EEF-4E9B-4728-A7C4-1EEBEEEE132D}.Debug|Any CPU.Build.0 = Debug|Any CPU
		{19110EEF-4E9B-4728-A7C4-1EEBEEEE132D}.Release|Any CPU.ActiveCfg = Release|Any CPU
		{19110EEF-4E9B-4728-A7C4-1EEBEEEE132D}.Release|Any CPU.Build.0 = Release|Any CPU
		{CB02CA5F-4B3B-42D1-B85D-B0B7F62B59A9}.Debug|Any CPU.ActiveCfg = Debug|Any CPU
		{CB02CA5F-4B3B-42D1-B85D-B0B7F62B59A9}.Debug|Any CPU.Build.0 = Debug|Any CPU
		{CB02CA5F-4B3B-42D1-B85D-B0B7F62B59A9}.Release|Any CPU.ActiveCfg = Release|Any CPU
		{CB02CA5F-4B3B-42D1-B85D-B0B7F62B59A9}.Release|Any CPU.Build.0 = Release|Any CPU
		{CF0B57E9-42A4-4048-89C1-781825C21015}.Debug|Any CPU.ActiveCfg = Debug|Any CPU
		{CF0B57E9-42A4-4048-89C1-781825C21015}.Debug|Any CPU.Build.0 = Debug|Any CPU
		{CF0B57E9-42A4-4048-89C1-781825C21015}.Release|Any CPU.ActiveCfg = Release|Any CPU
		{CF0B57E9-42A4-4048-89C1-781825C21015}.Release|Any CPU.Build.0 = Release|Any CPU
	EndGlobalSection
EndGlobal
